
Microsoft Visual Studio Solution File, Format Version 12.00
# Visual Studio Version 16
VisualStudioVersion = 16.0.31729.503
MinimumVisualStudioVersion = 10.0.40219.1
Project("{FAE04EC0-301F-11D3-BF4B-00C04F79EFBC}") = "BridgeCalisma", "BridgeCalisma\BridgeCalisma.csproj", "{AE0A383F-5488-4D45-8968-1CD8CC254F7D}"
EndProject
Global
	GlobalSection(SolutionConfigurationPlatforms) = preSolution
		Debug|Any CPU = Debug|Any CPU
		Release|Any CPU = Release|Any CPU
	EndGlobalSection
	GlobalSection(ProjectConfigurationPlatforms) = postSolution
		{AE0A383F-5488-4D45-8968-1CD8CC254F7D}.Debug|Any CPU.ActiveCfg = Debug|Any CPU
		{AE0A383F-5488-4D45-8968-1CD8CC254F7D}.Debug|Any CPU.Build.0 = Debug|Any CPU
		{AE0A383F-5488-4D45-8968-1CD8CC254F7D}.Release|Any CPU.ActiveCfg = Release|Any CPU
		{AE0A383F-5488-4D45-8968-1CD8CC254F7D}.Release|Any CPU.Build.0 = Release|Any CPU
	EndGlobalSection
	GlobalSection(SolutionProperties) = preSolution
		HideSolutionNode = FALSE
	EndGlobalSection
	GlobalSection(ExtensibilityGlobals) = postSolution
		SolutionGuid = {6B5E2C76-C5AA-4EFD-8B96-BDD486DEAE7C}
	EndGlobalSection
EndGlobal
